// !$*UTF8*$!
{
	archiveVersion = 1;
	classes = {
	};
	objectVersion = 56;
	objects = {

/* Begin PBXBuildFile section */
		D50EF6B8295CDDB40027323A /* AppDelegate.swift in Sources */ = {isa = PBXBuildFile; fileRef = D50EF6B7295CDDB40027323A /* AppDelegate.swift */; };
		D50EF6BA295CDDB40027323A /* SceneDelegate.swift in Sources */ = {isa = PBXBuildFile; fileRef = D50EF6B9295CDDB40027323A /* SceneDelegate.swift */; };
		D50EF6BC295CDDB40027323A /* ViewController.swift in Sources */ = {isa = PBXBuildFile; fileRef = D50EF6BB295CDDB40027323A /* ViewController.swift */; };
		D50EF6C1295CDDB60027323A /* Assets.xcassets in Resources */ = {isa = PBXBuildFile; fileRef = D50EF6C0295CDDB60027323A /* Assets.xcassets */; };
		D50EF6C4295CDDB60027323A /* LaunchScreen.storyboard in Resources */ = {isa = PBXBuildFile; fileRef = D50EF6C2295CDDB60027323A /* LaunchScreen.storyboard */; };
		D50EF6D0295CDF280027323A /* View.swift in Sources */ = {isa = PBXBuildFile; fileRef = D50EF6CF295CDF280027323A /* View.swift */; };
		D50EF6D2295F779B0027323A /* NetworkWetherManager.swift in Sources */ = {isa = PBXBuildFile; fileRef = D50EF6D1295F779B0027323A /* NetworkWetherManager.swift */; };
		D50EF6D4295F7C320027323A /* Constants.swift in Sources */ = {isa = PBXBuildFile; fileRef = D50EF6D3295F7C320027323A /* Constants.swift */; };
		D50EF6D7295F7F070027323A /* VC + alertController.swift in Sources */ = {isa = PBXBuildFile; fileRef = D50EF6D6295F7F070027323A /* VC + alertController.swift */; };
		D50EF6D9295F88110027323A /* CurrentWeatherData.swift in Sources */ = {isa = PBXBuildFile; fileRef = D50EF6D8295F88110027323A /* CurrentWeatherData.swift */; };
		D50EF6DB296020770027323A /* CurrentWeather.swift in Sources */ = {isa = PBXBuildFile; fileRef = D50EF6DA296020770027323A /* CurrentWeather.swift */; };
/* End PBXBuildFile section */

/* Begin PBXFileReference section */
		D50EF6B4295CDDB40027323A /* TheWeather.app */ = {isa = PBXFileReference; explicitFileType = wrapper.application; includeInIndex = 0; path = TheWeather.app; sourceTree = BUILT_PRODUCTS_DIR; };
		D50EF6B7295CDDB40027323A /* AppDelegate.swift */ = {isa = PBXFileReference; lastKnownFileType = sourcecode.swift; path = AppDelegate.swift; sourceTree = "<group>"; };
		D50EF6B9295CDDB40027323A /* SceneDelegate.swift */ = {isa = PBXFileReference; lastKnownFileType = sourcecode.swift; path = SceneDelegate.swift; sourceTree = "<group>"; };
		D50EF6BB295CDDB40027323A /* ViewController.swift */ = {isa = PBXFileReference; lastKnownFileType = sourcecode.swift; path = ViewController.swift; sourceTree = "<group>"; };
		D50EF6C0295CDDB60027323A /* Assets.xcassets */ = {isa = PBXFileReference; lastKnownFileType = folder.assetcatalog; path = Assets.xcassets; sourceTree = "<group>"; };
		D50EF6C3295CDDB60027323A /* Base */ = {isa = PBXFileReference; lastKnownFileType = file.storyboard; name = Base; path = Base.lproj/LaunchScreen.storyboard; sourceTree = "<group>"; };
		D50EF6C5295CDDB60027323A /* Info.plist */ = {isa = PBXFileReference; lastKnownFileType = text.plist.xml; path = Info.plist; sourceTree = "<group>"; };
		D50EF6CF295CDF280027323A /* View.swift */ = {isa = PBXFileReference; lastKnownFileType = sourcecode.swift; path = View.swift; sourceTree = "<group>"; };
		D50EF6D1295F779B0027323A /* NetworkWetherManager.swift */ = {isa = PBXFileReference; lastKnownFileType = sourcecode.swift; path = NetworkWetherManager.swift; sourceTree = "<group>"; };
		D50EF6D3295F7C320027323A /* Constants.swift */ = {isa = PBXFileReference; lastKnownFileType = sourcecode.swift; path = Constants.swift; sourceTree = "<group>"; };
		D50EF6D6295F7F070027323A /* VC + alertController.swift */ = {isa = PBXFileReference; lastKnownFileType = sourcecode.swift; path = "VC + alertController.swift"; sourceTree = "<group>"; };
		D50EF6D8295F88110027323A /* CurrentWeatherData.swift */ = {isa = PBXFileReference; lastKnownFileType = sourcecode.swift; path = CurrentWeatherData.swift; sourceTree = "<group>"; };
		D50EF6DA296020770027323A /* CurrentWeather.swift */ = {isa = PBXFileReference; lastKnownFileType = sourcecode.swift; path = CurrentWeather.swift; sourceTree = "<group>"; };
/* End PBXFileReference section */

/* Begin PBXFrameworksBuildPhase section */
		D50EF6B1295CDDB40027323A /* Frameworks */ = {
			isa = PBXFrameworksBuildPhase;
			buildActionMask = 2147483647;
			files = (
			);
			runOnlyForDeploymentPostprocessing = 0;
		};
/* End PBXFrameworksBuildPhase section */

/* Begin PBXGroup section */
		D50EF6AB295CDDB40027323A = {
			isa = PBXGroup;
			children = (
				D50EF6B6295CDDB40027323A /* TheWeather */,
				D50EF6C5295CDDB60027323A /* Info.plist */,
				D50EF6B5295CDDB40027323A /* Products */,
			);
			sourceTree = "<group>";
		};
		D50EF6B5295CDDB40027323A /* Products */ = {
			isa = PBXGroup;
			children = (
				D50EF6B4295CDDB40027323A /* TheWeather.app */,
			);
			name = Products;
			sourceTree = "<group>";
		};
		D50EF6B6295CDDB40027323A /* TheWeather */ = {
			isa = PBXGroup;
			children = (
				D50EF6D5295F7ED10027323A /* Extansions */,
				D50EF6CD295CDEED0027323A /* Model */,
				D50EF6CC295CDEE60027323A /* Veiw */,
				D50EF6CB295CDEDD0027323A /* Controller */,
				D50EF6CE295CDEF40027323A /* Suppotring files */,
			);
			path = TheWeather;
			sourceTree = "<group>";
		};
		D50EF6CB295CDEDD0027323A /* Controller */ = {
			isa = PBXGroup;
			children = (
				D50EF6BB295CDDB40027323A /* ViewController.swift */,
			);
			path = Controller;
			sourceTree = "<group>";
		};
		D50EF6CC295CDEE60027323A /* Veiw */ = {
			isa = PBXGroup;
			children = (
				D50EF6CF295CDF280027323A /* View.swift */,
			);
			path = Veiw;
			sourceTree = "<group>";
		};
		D50EF6CD295CDEED0027323A /* Model */ = {
			isa = PBXGroup;
			children = (
				D50EF6D1295F779B0027323A /* NetworkWetherManager.swift */,
				D50EF6D8295F88110027323A /* CurrentWeatherData.swift */,
				D50EF6DA296020770027323A /* CurrentWeather.swift */,
			);
			path = Model;
			sourceTree = "<group>";
		};
		D50EF6CE295CDEF40027323A /* Suppotring files */ = {
			isa = PBXGroup;
			children = (
				D50EF6D3295F7C320027323A /* Constants.swift */,
				D50EF6B9295CDDB40027323A /* SceneDelegate.swift */,
				D50EF6B7295CDDB40027323A /* AppDelegate.swift */,
				D50EF6C0295CDDB60027323A /* Assets.xcassets */,
				D50EF6C2295CDDB60027323A /* LaunchScreen.storyboard */,
			);
			path = "Suppotring files";
			sourceTree = "<group>";
		};
		D50EF6D5295F7ED10027323A /* Extansions */ = {
			isa = PBXGroup;
			children = (
				D50EF6D6295F7F070027323A /* VC + alertController.swift */,
			);
			path = Extansions;
			sourceTree = "<group>";
		};
/* End PBXGroup section */

/* Begin PBXNativeTarget section */
		D50EF6B3295CDDB40027323A /* TheWeather */ = {
			isa = PBXNativeTarget;
			buildConfigurationList = D50EF6C8295CDDB60027323A /* Build configuration list for PBXNativeTarget "TheWeather" */;
			buildPhases = (
				D50EF6B0295CDDB40027323A /* Sources */,
				D50EF6B1295CDDB40027323A /* Frameworks */,
				D50EF6B2295CDDB40027323A /* Resources */,
			);
			buildRules = (
			);
			dependencies = (
			);
			name = TheWeather;
			productName = TheWeather;
			productReference = D50EF6B4295CDDB40027323A /* TheWeather.app */;
			productType = "com.apple.product-type.application";
		};
/* End PBXNativeTarget section */

/* Begin PBXProject section */
		D50EF6AC295CDDB40027323A /* Project object */ = {
			isa = PBXProject;
			attributes = {
				BuildIndependentTargetsInParallel = 1;
				LastSwiftUpdateCheck = 1410;
				LastUpgradeCheck = 1410;
				TargetAttributes = {
					D50EF6B3295CDDB40027323A = {
						CreatedOnToolsVersion = 14.1;
					};
				};
			};
			buildConfigurationList = D50EF6AF295CDDB40027323A /* Build configuration list for PBXProject "TheWeather" */;
			compatibilityVersion = "Xcode 14.0";
			developmentRegion = en;
			hasScannedForEncodings = 0;
			knownRegions = (
				en,
				Base,
			);
			mainGroup = D50EF6AB295CDDB40027323A;
			productRefGroup = D50EF6B5295CDDB40027323A /* Products */;
			projectDirPath = "";
			projectRoot = "";
			targets = (
				D50EF6B3295CDDB40027323A /* TheWeather */,
			);
		};
/* End PBXProject section */

/* Begin PBXResourcesBuildPhase section */
		D50EF6B2295CDDB40027323A /* Resources */ = {
			isa = PBXResourcesBuildPhase;
			buildActionMask = 2147483647;
			files = (
				D50EF6C4295CDDB60027323A /* LaunchScreen.storyboard in Resources */,
				D50EF6C1295CDDB60027323A /* Assets.xcassets in Resources */,
			);
			runOnlyForDeploymentPostprocessing = 0;
		};
/* End PBXResourcesBuildPhase section */

/* Begin PBXSourcesBuildPhase section */
		D50EF6B0295CDDB40027323A /* Sources */ = {
			isa = PBXSourcesBuildPhase;
			buildActionMask = 2147483647;
			files = (
				D50EF6D9295F88110027323A /* CurrentWeatherData.swift in Sources */,
				D50EF6D0295CDF280027323A /* View.swift in Sources */,
				D50EF6BC295CDDB40027323A /* ViewController.swift in Sources */,
				D50EF6D7295F7F070027323A /* VC + alertController.swift in Sources */,
				D50EF6DB296020770027323A /* CurrentWeather.swift in Sources */,
				D50EF6B8295CDDB40027323A /* AppDelegate.swift in Sources */,
				D50EF6BA295CDDB40027323A /* SceneDelegate.swift in Sources */,
				D50EF6D2295F779B0027323A /* NetworkWetherManager.swift in Sources */,
				D50EF6D4295F7C320027323A /* Constants.swift in Sources */,
			);
			runOnlyForDeploymentPostprocessing = 0;
		};
/* End PBXSourcesBuildPhase section */

/* Begin PBXVariantGroup section */
		D50EF6C2295CDDB60027323A /* LaunchScreen.storyboard */ = {
			isa = PBXVariantGroup;
			children = (
				D50EF6C3295CDDB60027323A /* Base */,
			);
			name = LaunchScreen.storyboard;
			sourceTree = "<group>";
		};
/* End PBXVariantGroup section */

/* Begin XCBuildConfiguration section */
		D50EF6C6295CDDB60027323A /* Debug */ = {
			isa = XCBuildConfiguration;
			buildSettings = {
				ALWAYS_SEARCH_USER_PATHS = NO;
				CLANG_ANALYZER_NONNULL = YES;
				CLANG_ANALYZER_NUMBER_OBJECT_CONVERSION = YES_AGGRESSIVE;
				CLANG_CXX_LANGUAGE_STANDARD = "gnu++20";
				CLANG_ENABLE_MODULES = YES;
				CLANG_ENABLE_OBJC_ARC = YES;
				CLANG_ENABLE_OBJC_WEAK = YES;
				CLANG_WARN_BLOCK_CAPTURE_AUTORELEASING = YES;
				CLANG_WARN_BOOL_CONVERSION = YES;
				CLANG_WARN_COMMA = YES;
				CLANG_WARN_CONSTANT_CONVERSION = YES;
				CLANG_WARN_DEPRECATED_OBJC_IMPLEMENTATIONS = YES;
				CLANG_WARN_DIRECT_OBJC_ISA_USAGE = YES_ERROR;
				CLANG_WARN_DOCUMENTATION_COMMENTS = YES;
				CLANG_WARN_EMPTY_BODY = YES;
				CLANG_WARN_ENUM_CONVERSION = YES;
				CLANG_WARN_INFINITE_RECURSION = YES;
				CLANG_WARN_INT_CONVERSION = YES;
				CLANG_WARN_NON_LITERAL_NULL_CONVERSION = YES;
				CLANG_WARN_OBJC_IMPLICIT_RETAIN_SELF = YES;
				CLANG_WARN_OBJC_LITERAL_CONVERSION = YES;
				CLANG_WARN_OBJC_ROOT_CLASS = YES_ERROR;
				CLANG_WARN_QUOTED_INCLUDE_IN_FRAMEWORK_HEADER = YES;
				CLANG_WARN_RANGE_LOOP_ANALYSIS = YES;
				CLANG_WARN_STRICT_PROTOTYPES = YES;
				CLANG_WARN_SUSPICIOUS_MOVE = YES;
				CLANG_WARN_UNGUARDED_AVAILABILITY = YES_AGGRESSIVE;
				CLANG_WARN_UNREACHABLE_CODE = YES;
				CLANG_WARN__DUPLICATE_METHOD_MATCH = YES;
				COPY_PHASE_STRIP = NO;
				DEBUG_INFORMATION_FORMAT = dwarf;
				ENABLE_STRICT_OBJC_MSGSEND = YES;
				ENABLE_TESTABILITY = YES;
				GCC_C_LANGUAGE_STANDARD = gnu11;
				GCC_DYNAMIC_NO_PIC = NO;
				GCC_NO_COMMON_BLOCKS = YES;
				GCC_OPTIMIZATION_LEVEL = 0;
				GCC_PREPROCESSOR_DEFINITIONS = (
					"DEBUG=1",
					"$(inherited)",
				);
				GCC_WARN_64_TO_32_BIT_CONVERSION = YES;
				GCC_WARN_ABOUT_RETURN_TYPE = YES_ERROR;
				GCC_WARN_UNDECLARED_SELECTOR = YES;
				GCC_WARN_UNINITIALIZED_AUTOS = YES_AGGRESSIVE;
				GCC_WARN_UNUSED_FUNCTION = YES;
				GCC_WARN_UNUSED_VARIABLE = YES;
				IPHONEOS_DEPLOYMENT_TARGET = 16.1;
				MTL_ENABLE_DEBUG_INFO = INCLUDE_SOURCE;
				MTL_FAST_MATH = YES;
				ONLY_ACTIVE_ARCH = YES;
				SDKROOT = iphoneos;
				SWIFT_ACTIVE_COMPILATION_CONDITIONS = DEBUG;
				SWIFT_OPTIMIZATION_LEVEL = "-Onone";
			};
			name = Debug;
		};
		D50EF6C7295CDDB60027323A /* Release */ = {
			isa = XCBuildConfiguration;
			buildSettings = {
				ALWAYS_SEARCH_USER_PATHS = NO;
				CLANG_ANALYZER_NONNULL = YES;
				CLANG_ANALYZER_NUMBER_OBJECT_CONVERSION = YES_AGGRESSIVE;
				CLANG_CXX_LANGUAGE_STANDARD = "gnu++20";
				CLANG_ENABLE_MODULES = YES;
				CLANG_ENABLE_OBJC_ARC = YES;
				CLANG_ENABLE_OBJC_WEAK = YES;
				CLANG_WARN_BLOCK_CAPTURE_AUTORELEASING = YES;
				CLANG_WARN_BOOL_CONVERSION = YES;
				CLANG_WARN_COMMA = YES;
				CLANG_WARN_CONSTANT_CONVERSION = YES;
				CLANG_WARN_DEPRECATED_OBJC_IMPLEMENTATIONS = YES;
				CLANG_WARN_DIRECT_OBJC_ISA_USAGE = YES_ERROR;
				CLANG_WARN_DOCUMENTATION_COMMENTS = YES;
				CLANG_WARN_EMPTY_BODY = YES;
				CLANG_WARN_ENUM_CONVERSION = YES;
				CLANG_WARN_INFINITE_RECURSION = YES;
				CLANG_WARN_INT_CONVERSION = YES;
				CLANG_WARN_NON_LITERAL_NULL_CONVERSION = YES;
				CLANG_WARN_OBJC_IMPLICIT_RETAIN_SELF = YES;
				CLANG_WARN_OBJC_LITERAL_CONVERSION = YES;
				CLANG_WARN_OBJC_ROOT_CLASS = YES_ERROR;
				CLANG_WARN_QUOTED_INCLUDE_IN_FRAMEWORK_HEADER = YES;
				CLANG_WARN_RANGE_LOOP_ANALYSIS = YES;
				CLANG_WARN_STRICT_PROTOTYPES = YES;
				CLANG_WARN_SUSPICIOUS_MOVE = YES;
				CLANG_WARN_UNGUARDED_AVAILABILITY = YES_AGGRESSIVE;
				CLANG_WARN_UNREACHABLE_CODE = YES;
				CLANG_WARN__DUPLICATE_METHOD_MATCH = YES;
				COPY_PHASE_STRIP = NO;
				DEBUG_INFORMATION_FORMAT = "dwarf-with-dsym";
				ENABLE_NS_ASSERTIONS = NO;
				ENABLE_STRICT_OBJC_MSGSEND = YES;
				GCC_C_LANGUAGE_STANDARD = gnu11;
				GCC_NO_COMMON_BLOCKS = YES;
				GCC_WARN_64_TO_32_BIT_CONVERSION = YES;
				GCC_WARN_ABOUT_RETURN_TYPE = YES_ERROR;
				GCC_WARN_UNDECLARED_SELECTOR = YES;
				GCC_WARN_UNINITIALIZED_AUTOS = YES_AGGRESSIVE;
				GCC_WARN_UNUSED_FUNCTION = YES;
				GCC_WARN_UNUSED_VARIABLE = YES;
				IPHONEOS_DEPLOYMENT_TARGET = 16.1;
				MTL_ENABLE_DEBUG_INFO = NO;
				MTL_FAST_MATH = YES;
				SDKROOT = iphoneos;
				SWIFT_COMPILATION_MODE = wholemodule;
				SWIFT_OPTIMIZATION_LEVEL = "-O";
				VALIDATE_PRODUCT = YES;
			};
			name = Release;
		};
		D50EF6C9295CDDB60027323A /* Debug */ = {
			isa = XCBuildConfiguration;
			buildSettings = {
				ASSETCATALOG_COMPILER_APPICON_NAME = AppIcon;
				ASSETCATALOG_COMPILER_GLOBAL_ACCENT_COLOR_NAME = AccentColor;
				CODE_SIGN_STYLE = Automatic;
				CURRENT_PROJECT_VERSION = 1;
				DEVELOPMENT_TEAM = NBU6B5VB4T;
				GENERATE_INFOPLIST_FILE = YES;
				INFOPLIST_FILE = /Users/nikitaburin/Desktop/TheWeather/Info.plist;
				INFOPLIST_KEY_UIApplicationSupportsIndirectInputEvents = YES;
				INFOPLIST_KEY_UILaunchStoryboardName = LaunchScreen;
				INFOPLIST_KEY_UISupportedInterfaceOrientations = UIInterfaceOrientationPortrait;
				IPHONEOS_DEPLOYMENT_TARGET = 13.6;
				LD_RUNPATH_SEARCH_PATHS = (
					"$(inherited)",
					"@executable_path/Frameworks",
				);
				MARKETING_VERSION = 1.0;
				PRODUCT_BUNDLE_IDENTIFIER = "-.TheWeather";
				PRODUCT_NAME = "$(TARGET_NAME)";
				SWIFT_EMIT_LOC_STRINGS = YES;
				SWIFT_VERSION = 5.0;
				TARGETED_DEVICE_FAMILY = "1,2";
			};
			name = Debug;
		};
		D50EF6CA295CDDB60027323A /* Release */ = {
			isa = XCBuildConfiguration;
			buildSettings = {
				ASSETCATALOG_COMPILER_APPICON_NAME = AppIcon;
				ASSETCATALOG_COMPILER_GLOBAL_ACCENT_COLOR_NAME = AccentColor;
				CODE_SIGN_STYLE = Automatic;
				CURRENT_PROJECT_VERSION = 1;
				DEVELOPMENT_TEAM = NBU6B5VB4T;
				GENERATE_INFOPLIST_FILE = YES;
				INFOPLIST_FILE = /Users/nikitaburin/Desktop/TheWeather/Info.plist;
				INFOPLIST_KEY_UIApplicationSupportsIndirectInputEvents = YES;
				INFOPLIST_KEY_UILaunchStoryboardName = LaunchScreen;
				INFOPLIST_KEY_UISupportedInterfaceOrientations = UIInterfaceOrientationPortrait;
				IPHONEOS_DEPLOYMENT_TARGET = 13.6;
				LD_RUNPATH_SEARCH_PATHS = (
					"$(inherited)",
					"@executable_path/Frameworks",
				);
				MARKETING_VERSION = 1.0;
				PRODUCT_BUNDLE_IDENTIFIER = "-.TheWeather";
				PRODUCT_NAME = "$(TARGET_NAME)";
				SWIFT_EMIT_LOC_STRINGS = YES;
				SWIFT_VERSION = 5.0;
				TARGETED_DEVICE_FAMILY = "1,2";
			};
			name = Release;
		};
/* End XCBuildConfiguration section */

/* Begin XCConfigurationList section */
		D50EF6AF295CDDB40027323A /* Build configuration list for PBXProject "TheWeather" */ = {
			isa = XCConfigurationList;
			buildConfigurations = (
				D50EF6C6295CDDB60027323A /* Debug */,
				D50EF6C7295CDDB60027323A /* Release */,
			);
			defaultConfigurationIsVisible = 0;
			defaultConfigurationName = Release;
		};
		D50EF6C8295CDDB60027323A /* Build configuration list for PBXNativeTarget "TheWeather" */ = {
			isa = XCConfigurationList;
			buildConfigurations = (
				D50EF6C9295CDDB60027323A /* Debug */,
				D50EF6CA295CDDB60027323A /* Release */,
			);
			defaultConfigurationIsVisible = 0;
			defaultConfigurationName = Release;
		};
/* End XCConfigurationList section */
	};
	rootObject = D50EF6AC295CDDB40027323A /* Project object */;
}
